
Microsoft Visual Studio Solution File, Format Version 12.00
# Visual Studio Version 17
VisualStudioVersion = 17.0.31903.59
MinimumVisualStudioVersion = 10.0.40219.1
Project("{2150E333-8FDC-42A3-9474-1A3956D46DE8}") = "test", "test", "{BB64AC83-C298-4841-9012-AA371FC4607C}"
EndProject
Project("{2150E333-8FDC-42A3-9474-1A3956D46DE8}") = "src", "src", "{2F0844C7-7AAC-4E3F-90E0-3FAC41A5109D}"
EndProject
Project("{9A19103F-16F7-4668-BE54-9A1E7A4F7556}") = "TestFramework", "test\TestFramework\TestFramework.csproj", "{9B2B340B-16D2-4936-947D-5D05FC0E4F1D}"
EndProject
Project("{FAE04EC0-301F-11D3-BF4B-00C04F79EFBC}") = "AspNetCore.Authentication.JwtBearer", "src\AspNetCore.Authentication.JwtBearer\AspNetCore.Authentication.JwtBearer.csproj", "{D5403282-86CB-4617-8908-4EB0FAAD35DC}"
EndProject
Project("{FAE04EC0-301F-11D3-BF4B-00C04F79EFBC}") = "AspNetCore.Authentication.JwtBearer.Tests", "test\AspNetCore.Authentication.JwtBearer.Tests\AspNetCore.Authentication.JwtBearer.Tests.csproj", "{3A853DB3-E36E-4B19-94B5-8A01569CA06C}"
EndProject
Global
	GlobalSection(SolutionConfigurationPlatforms) = preSolution
		Debug|Any CPU = Debug|Any CPU
		Release|Any CPU = Release|Any CPU
	EndGlobalSection
	GlobalSection(ProjectConfigurationPlatforms) = postSolution
		{9B2B340B-16D2-4936-947D-5D05FC0E4F1D}.Debug|Any CPU.ActiveCfg = Debug|Any CPU
		{9B2B340B-16D2-4936-947D-5D05FC0E4F1D}.Debug|Any CPU.Build.0 = Debug|Any CPU
		{9B2B340B-16D2-4936-947D-5D05FC0E4F1D}.Release|Any CPU.ActiveCfg = Release|Any CPU
		{9B2B340B-16D2-4936-947D-5D05FC0E4F1D}.Release|Any CPU.Build.0 = Release|Any CPU
		{D5403282-86CB-4617-8908-4EB0FAAD35DC}.Debug|Any CPU.ActiveCfg = Debug|Any CPU
		{D5403282-86CB-4617-8908-4EB0FAAD35DC}.Debug|Any CPU.Build.0 = Debug|Any CPU
		{D5403282-86CB-4617-8908-4EB0FAAD35DC}.Release|Any CPU.ActiveCfg = Release|Any CPU
		{D5403282-86CB-4617-8908-4EB0FAAD35DC}.Release|Any CPU.Build.0 = Release|Any CPU
		{3A853DB3-E36E-4B19-94B5-8A01569CA06C}.Debug|Any CPU.ActiveCfg = Debug|Any CPU
		{3A853DB3-E36E-4B19-94B5-8A01569CA06C}.Debug|Any CPU.Build.0 = Debug|Any CPU
		{3A853DB3-E36E-4B19-94B5-8A01569CA06C}.Release|Any CPU.ActiveCfg = Release|Any CPU
		{3A853DB3-E36E-4B19-94B5-8A01569CA06C}.Release|Any CPU.Build.0 = Release|Any CPU
	EndGlobalSection
	GlobalSection(SolutionProperties) = preSolution
		HideSolutionNode = FALSE
	EndGlobalSection
	GlobalSection(NestedProjects) = preSolution
		{9B2B340B-16D2-4936-947D-5D05FC0E4F1D} = {BB64AC83-C298-4841-9012-AA371FC4607C}
		{D5403282-86CB-4617-8908-4EB0FAAD35DC} = {2F0844C7-7AAC-4E3F-90E0-3FAC41A5109D}
		{3A853DB3-E36E-4B19-94B5-8A01569CA06C} = {BB64AC83-C298-4841-9012-AA371FC4607C}
	EndGlobalSection
	GlobalSection(ExtensibilityGlobals) = postSolution
		SolutionGuid = {E214C8C0-C8B4-4503-9CBD-03B8A0D4B5D9}
	EndGlobalSection
EndGlobal
